
Microsoft Visual Studio Solution File, Format Version 12.00
# Visual Studio Version 17
VisualStudioVersion = 17.2.32630.192
MinimumVisualStudioVersion = 10.0.40219.1
Project("{FAE04EC0-301F-11D3-BF4B-00C04F79EFBC}") = "Textové soubory", "Textové soubory\Textové soubory.csproj", "{392B3884-9015-40EB-9241-E92DDB08C52B}"
EndProject
Project("{FAE04EC0-301F-11D3-BF4B-00C04F79EFBC}") = "01", "01\01.csproj", "{D067C773-7B99-4EF2-9FD2-CCED6791A35D}"
EndProject
Project("{FAE04EC0-301F-11D3-BF4B-00C04F79EFBC}") = "02", "02\02.csproj", "{544FC23D-01A7-4CDE-B429-A9C0CC955FE1}"
EndProject
Project("{FAE04EC0-301F-11D3-BF4B-00C04F79EFBC}") = "03", "03\03.csproj", "{F874D415-5390-48F6-9D15-F93F6345EA29}"
EndProject
Project("{FAE04EC0-301F-11D3-BF4B-00C04F79EFBC}") = "04", "04\04.csproj", "{9A2223F5-FE34-4B8D-BBD2-BEF9A5B270FF}"
EndProject
Global
	GlobalSection(SolutionConfigurationPlatforms) = preSolution
		Debug|Any CPU = Debug|Any CPU
		Release|Any CPU = Release|Any CPU
	EndGlobalSection
	GlobalSection(ProjectConfigurationPlatforms) = postSolution
		{392B3884-9015-40EB-9241-E92DDB08C52B}.Debug|Any CPU.ActiveCfg = Debug|Any CPU
		{392B3884-9015-40EB-9241-E92DDB08C52B}.Debug|Any CPU.Build.0 = Debug|Any CPU
		{392B3884-9015-40EB-9241-E92DDB08C52B}.Release|Any CPU.ActiveCfg = Release|Any CPU
		{392B3884-9015-40EB-9241-E92DDB08C52B}.Release|Any CPU.Build.0 = Release|Any CPU
		{D067C773-7B99-4EF2-9FD2-CCED6791A35D}.Debug|Any CPU.ActiveCfg = Debug|Any CPU
		{D067C773-7B99-4EF2-9FD2-CCED6791A35D}.Debug|Any CPU.Build.0 = Debug|Any CPU
		{D067C773-7B99-4EF2-9FD2-CCED6791A35D}.Release|Any CPU.ActiveCfg = Release|Any CPU
		{D067C773-7B99-4EF2-9FD2-CCED6791A35D}.Release|Any CPU.Build.0 = Release|Any CPU
		{544FC23D-01A7-4CDE-B429-A9C0CC955FE1}.Debug|Any CPU.ActiveCfg = Debug|Any CPU
		{544FC23D-01A7-4CDE-B429-A9C0CC955FE1}.Debug|Any CPU.Build.0 = Debug|Any CPU
		{544FC23D-01A7-4CDE-B429-A9C0CC955FE1}.Release|Any CPU.ActiveCfg = Release|Any CPU
		{544FC23D-01A7-4CDE-B429-A9C0CC955FE1}.Release|Any CPU.Build.0 = Release|Any CPU
		{F874D415-5390-48F6-9D15-F93F6345EA29}.Debug|Any CPU.ActiveCfg = Debug|Any CPU
		{F874D415-5390-48F6-9D15-F93F6345EA29}.Debug|Any CPU.Build.0 = Debug|Any CPU
		{F874D415-5390-48F6-9D15-F93F6345EA29}.Release|Any CPU.ActiveCfg = Release|Any CPU
		{F874D415-5390-48F6-9D15-F93F6345EA29}.Release|Any CPU.Build.0 = Release|Any CPU
		{9A2223F5-FE34-4B8D-BBD2-BEF9A5B270FF}.Debug|Any CPU.ActiveCfg = Debug|Any CPU
		{9A2223F5-FE34-4B8D-BBD2-BEF9A5B270FF}.Debug|Any CPU.Build.0 = Debug|Any CPU
		{9A2223F5-FE34-4B8D-BBD2-BEF9A5B270FF}.Release|Any CPU.ActiveCfg = Release|Any CPU
		{9A2223F5-FE34-4B8D-BBD2-BEF9A5B270FF}.Release|Any CPU.Build.0 = Release|Any CPU
	EndGlobalSection
	GlobalSection(SolutionProperties) = preSolution
		HideSolutionNode = FALSE
	EndGlobalSection
	GlobalSection(ExtensibilityGlobals) = postSolution
		SolutionGuid = {441E828F-8DEA-4A98-98C3-55130506977C}
	EndGlobalSection
EndGlobal
