
Microsoft Visual Studio Solution File, Format Version 12.00
# Visual Studio Version 17
VisualStudioVersion = 17.2.32630.192
MinimumVisualStudioVersion = 10.0.40219.1
Project("{FAE04EC0-301F-11D3-BF4B-00C04F79EFBC}") = "Textové soubory", "Textové soubory\Textové soubory.csproj", "{392B3884-9015-40EB-9241-E92DDB08C52B}"
EndProject
Global
	GlobalSection(SolutionConfigurationPlatforms) = preSolution
		Debug|Any CPU = Debug|Any CPU
		Release|Any CPU = Release|Any CPU
	EndGlobalSection
	GlobalSection(ProjectConfigurationPlatforms) = postSolution
		{392B3884-9015-40EB-9241-E92DDB08C52B}.Debug|Any CPU.ActiveCfg = Debug|Any CPU
		{392B3884-9015-40EB-9241-E92DDB08C52B}.Debug|Any CPU.Build.0 = Debug|Any CPU
		{392B3884-9015-40EB-9241-E92DDB08C52B}.Release|Any CPU.ActiveCfg = Release|Any CPU
		{392B3884-9015-40EB-9241-E92DDB08C52B}.Release|Any CPU.Build.0 = Release|Any CPU
	EndGlobalSection
	GlobalSection(SolutionProperties) = preSolution
		HideSolutionNode = FALSE
	EndGlobalSection
	GlobalSection(ExtensibilityGlobals) = postSolution
		SolutionGuid = {441E828F-8DEA-4A98-98C3-55130506977C}
	EndGlobalSection
EndGlobal
